PODS:
  - Capacitor (1.0.0-beta.13):
    - CapacitorCordova (= 1.0.0-beta.13)
  - CapacitorCordova (1.0.0-beta.13)
  - CordovaPlugins (1.0.0-beta.14):
    - CapacitorCordova

DEPENDENCIES:
  - "Capacitor (from `../../node_modules/@capacitor/ios`)"
  - "CapacitorCordova (from `../../node_modules/@capacitor/ios`)"
  - CordovaPlugins (from `../capacitor-cordova-ios-plugins`)

EXTERNAL SOURCES:
  Capacitor:
    :path: "../../node_modules/@capacitor/ios"
  CapacitorCordova:
    :path: "../../node_modules/@capacitor/ios"
  CordovaPlugins:
    :path: "../capacitor-cordova-ios-plugins"

SPEC CHECKSUMS:
  Capacitor: 7768a5ccfb0c8514fd7a03f4c673e95073cd5480
  CapacitorCordova: c7ccc1dc020e699205a79e69a56b08676aa95d1d
  CordovaPlugins: c6dd5e33776d88d706040fc1233726e8bd794dd5

PODFILE CHECKSUM: 31d8a428413f290e2361b7d3a4bdaa17497bf723

COCOAPODS: 1.5.3
